
Microsoft Visual Studio Solution File, Format Version 12.00
# Visual Studio Version 16
VisualStudioVersion = 16.0.29509.3
MinimumVisualStudioVersion = 10.0.40219.1
Project("{9A19103F-16F7-4668-BE54-9A1E7A4F7556}") = "StoreAPI", "StoreAPI.csproj", "{1B399728-F7CA-43AF-8B60-DFCC310399CE}"
EndProject
Project("{2150E333-8FDC-42A3-9474-1A3956D46DE8}") = "Solution Items", "Solution Items", "{2AAB6634-1BF6-4958-97F7-8A511AA7C568}"
	ProjectSection(SolutionItems) = preProject
		.editorconfig = .editorconfig
	EndProjectSection
EndProject
Global
	GlobalSection(SolutionConfigurationPlatforms) = preSolution
		Debug|Any CPU = Debug|Any CPU
		Release|Any CPU = Release|Any CPU
	EndGlobalSection
	GlobalSection(ProjectConfigurationPlatforms) = postSolution
		{1B399728-F7CA-43AF-8B60-DFCC310399CE}.Debug|Any CPU.ActiveCfg = Debug|Any CPU
		{1B399728-F7CA-43AF-8B60-DFCC310399CE}.Debug|Any CPU.Build.0 = Debug|Any CPU
		{1B399728-F7CA-43AF-8B60-DFCC310399CE}.Release|Any CPU.ActiveCfg = Release|Any CPU
		{1B399728-F7CA-43AF-8B60-DFCC310399CE}.Release|Any CPU.Build.0 = Release|Any CPU
	EndGlobalSection
	GlobalSection(SolutionProperties) = preSolution
		HideSolutionNode = FALSE
	EndGlobalSection
	GlobalSection(ExtensibilityGlobals) = postSolution
		SolutionGuid = {3003A02C-C3D1-43AB-8738-5E5B9D46E7CD}
	EndGlobalSection
EndGlobal
